
Microsoft Visual Studio Solution File, Format Version 12.00
# Visual Studio Version 16
VisualStudioVersion = 16.0.30320.27
MinimumVisualStudioVersion = 10.0.40219.1
Project("{2150E333-8FDC-42A3-9474-1A3956D46DE8}") = "Domain", "Domain", "{359958D2-057C-4C93-B8AA-96B55D2A473C}"
EndProject
Project("{2150E333-8FDC-42A3-9474-1A3956D46DE8}") = "Application", "Application", "{61C19005-0C7F-463E-A172-198E8033DCF4}"
EndProject
Project("{2150E333-8FDC-42A3-9474-1A3956D46DE8}") = "Outer", "Outer", "{7FBAFF4A-1DC3-4B7F-9FEB-ED5598A1ECA6}"
EndProject
Project("{FAE04EC0-301F-11D3-BF4B-00C04F79EFBC}") = "ShoppingBasket.Domain", "ShoppingBasket.Domain\ShoppingBasket.Domain.csproj", "{BB4B76FA-6992-4ABF-82E0-AD6AF710E773}"
EndProject
Project("{FAE04EC0-301F-11D3-BF4B-00C04F79EFBC}") = "ShoppingBasket.Application", "ShoppingBasket.Application\ShoppingBasket.Application.csproj", "{DAD72BAE-6651-4F8B-A4EA-89E19F8538A2}"
EndProject
Project("{FAE04EC0-301F-11D3-BF4B-00C04F79EFBC}") = "ShoppingBasket.Functions", "ShoppingBasket.Functions\ShoppingBasket.Functions.csproj", "{4AF35C1C-5AE8-4E96-B902-17AB579B36AB}"
EndProject
Project("{2150E333-8FDC-42A3-9474-1A3956D46DE8}") = "Common", "Common", "{4001A676-0A9F-42EC-95A4-C78D2B520AA2}"
EndProject
Project("{FAE04EC0-301F-11D3-BF4B-00C04F79EFBC}") = "ShoppingBasket.Common", "ShoppingBasket.Common\ShoppingBasket.Common.csproj", "{085BDBE7-9554-49F9-8CD4-CB8E81E84FAF}"
EndProject
Global
	GlobalSection(SolutionConfigurationPlatforms) = preSolution
		Debug|Any CPU = Debug|Any CPU
		Release|Any CPU = Release|Any CPU
	EndGlobalSection
	GlobalSection(ProjectConfigurationPlatforms) = postSolution
		{BB4B76FA-6992-4ABF-82E0-AD6AF710E773}.Debug|Any CPU.ActiveCfg = Debug|Any CPU
		{BB4B76FA-6992-4ABF-82E0-AD6AF710E773}.Debug|Any CPU.Build.0 = Debug|Any CPU
		{BB4B76FA-6992-4ABF-82E0-AD6AF710E773}.Release|Any CPU.ActiveCfg = Release|Any CPU
		{BB4B76FA-6992-4ABF-82E0-AD6AF710E773}.Release|Any CPU.Build.0 = Release|Any CPU
		{DAD72BAE-6651-4F8B-A4EA-89E19F8538A2}.Debug|Any CPU.ActiveCfg = Debug|Any CPU
		{DAD72BAE-6651-4F8B-A4EA-89E19F8538A2}.Debug|Any CPU.Build.0 = Debug|Any CPU
		{DAD72BAE-6651-4F8B-A4EA-89E19F8538A2}.Release|Any CPU.ActiveCfg = Release|Any CPU
		{DAD72BAE-6651-4F8B-A4EA-89E19F8538A2}.Release|Any CPU.Build.0 = Release|Any CPU
		{4AF35C1C-5AE8-4E96-B902-17AB579B36AB}.Debug|Any CPU.ActiveCfg = Debug|Any CPU
		{4AF35C1C-5AE8-4E96-B902-17AB579B36AB}.Debug|Any CPU.Build.0 = Debug|Any CPU
		{4AF35C1C-5AE8-4E96-B902-17AB579B36AB}.Release|Any CPU.ActiveCfg = Release|Any CPU
		{4AF35C1C-5AE8-4E96-B902-17AB579B36AB}.Release|Any CPU.Build.0 = Release|Any CPU
		{085BDBE7-9554-49F9-8CD4-CB8E81E84FAF}.Debug|Any CPU.ActiveCfg = Debug|Any CPU
		{085BDBE7-9554-49F9-8CD4-CB8E81E84FAF}.Debug|Any CPU.Build.0 = Debug|Any CPU
		{085BDBE7-9554-49F9-8CD4-CB8E81E84FAF}.Release|Any CPU.ActiveCfg = Release|Any CPU
		{085BDBE7-9554-49F9-8CD4-CB8E81E84FAF}.Release|Any CPU.Build.0 = Release|Any CPU
	EndGlobalSection
	GlobalSection(SolutionProperties) = preSolution
		HideSolutionNode = FALSE
	EndGlobalSection
	GlobalSection(NestedProjects) = preSolution
		{BB4B76FA-6992-4ABF-82E0-AD6AF710E773} = {359958D2-057C-4C93-B8AA-96B55D2A473C}
		{DAD72BAE-6651-4F8B-A4EA-89E19F8538A2} = {61C19005-0C7F-463E-A172-198E8033DCF4}
		{4AF35C1C-5AE8-4E96-B902-17AB579B36AB} = {7FBAFF4A-1DC3-4B7F-9FEB-ED5598A1ECA6}
		{085BDBE7-9554-49F9-8CD4-CB8E81E84FAF} = {4001A676-0A9F-42EC-95A4-C78D2B520AA2}
	EndGlobalSection
	GlobalSection(ExtensibilityGlobals) = postSolution
		SolutionGuid = {81379EF7-D552-4BB2-A5DE-2736A1FFABF4}
	EndGlobalSection
EndGlobal
